
Microsoft Visual Studio Solution File, Format Version 12.00
# Visual Studio Version 16
VisualStudioVersion = 16.0.28803.452
MinimumVisualStudioVersion = 10.0.40219.1
Project("{FAE04EC0-301F-11D3-BF4B-00C04F79EFBC}") = "FoodShop", "FoodShop\FoodShop.csproj", "{9602D019-49B4-4325-BAE4-77B4C04CBBDF}"
EndProject
Global
	GlobalSection(SolutionConfigurationPlatforms) = preSolution
		Debug|Any CPU = Debug|Any CPU
		Release|Any CPU = Release|Any CPU
	EndGlobalSection
	GlobalSection(ProjectConfigurationPlatforms) = postSolution
		{9602D019-49B4-4325-BAE4-77B4C04CBBDF}.Debug|Any CPU.ActiveCfg = Debug|Any CPU
		{9602D019-49B4-4325-BAE4-77B4C04CBBDF}.Debug|Any CPU.Build.0 = Debug|Any CPU
		{9602D019-49B4-4325-BAE4-77B4C04CBBDF}.Release|Any CPU.ActiveCfg = Release|Any CPU
		{9602D019-49B4-4325-BAE4-77B4C04CBBDF}.Release|Any CPU.Build.0 = Release|Any CPU
	EndGlobalSection
	GlobalSection(SolutionProperties) = preSolution
		HideSolutionNode = FALSE
	EndGlobalSection
	GlobalSection(ExtensibilityGlobals) = postSolution
		SolutionGuid = {DBD475EF-9242-49EE-B098-280AAF755D0D}
	EndGlobalSection
EndGlobal
